
Microsoft Visual Studio Solution File, Format Version 12.00
# Visual Studio Version 16
VisualStudioVersion = 16.0.31911.196
MinimumVisualStudioVersion = 10.0.40219.1
Project("{FAE04EC0-301F-11D3-BF4B-00C04F79EFBC}") = "Praktikum Offlen 1", "Praktikum Offlen 1\Praktikum Offlen 1.csproj", "{3B68C713-F62C-4A1F-9EDC-FED9363D519E}"
EndProject
Global
	GlobalSection(SolutionConfigurationPlatforms) = preSolution
		Debug|Any CPU = Debug|Any CPU
		Release|Any CPU = Release|Any CPU
	EndGlobalSection
	GlobalSection(ProjectConfigurationPlatforms) = postSolution
		{3B68C713-F62C-4A1F-9EDC-FED9363D519E}.Debug|Any CPU.ActiveCfg = Debug|Any CPU
		{3B68C713-F62C-4A1F-9EDC-FED9363D519E}.Debug|Any CPU.Build.0 = Debug|Any CPU
		{3B68C713-F62C-4A1F-9EDC-FED9363D519E}.Release|Any CPU.ActiveCfg = Release|Any CPU
		{3B68C713-F62C-4A1F-9EDC-FED9363D519E}.Release|Any CPU.Build.0 = Release|Any CPU
	EndGlobalSection
	GlobalSection(SolutionProperties) = preSolution
		HideSolutionNode = FALSE
	EndGlobalSection
	GlobalSection(ExtensibilityGlobals) = postSolution
		SolutionGuid = {2F7CB638-E84B-4F61-9DD3-98D0391B44E0}
	EndGlobalSection
EndGlobal
